# THIS IS AN AUTOGENERATED FILE. DO NOT EDIT THIS FILE DIRECTLY.
# yarn lockfile v1


fd-slicer@~1.0.0:
  version "1.0.1"
  resolved "https://registry.yarnpkg.com/fd-slicer/-/fd-slicer-1.0.1.tgz#8b5bcbd9ec327c5041bf9ab023fd6750f1177e65"
  dependencies:
    pend "~1.2.0"

multiparty@^4.1.2:
  version "4.1.2"
  resolved "https://registry.yarnpkg.com/multiparty/-/multiparty-4.1.2.tgz#54f8ec9712052fa1dfd8ec975056c8230d6f2370"
  dependencies:
    fd-slicer "~1.0.0"

pend@~1.2.0:
  version "1.2.0"
  resolved "https://registry.yarnpkg.com/pend/-/pend-1.2.0.tgz#7a57eb550a6783f9115331fcf4663d5c8e007a50"
